
Microsoft Visual Studio Solution File, Format Version 12.00
# Visual Studio Version 16
VisualStudioVersion = 16.0.35026.282
MinimumVisualStudioVersion = 10.0.40219.1
Project("{FAE04EC0-301F-11D3-BF4B-00C04F79EFBC}") = "AudioPlayerWCF", "AudioPlayerWCF\AudioPlayerWCF.csproj", "{C62BC57E-EAEB-4C54-95F3-91D1F7E3D617}"
EndProject
Project("{FAE04EC0-301F-11D3-BF4B-00C04F79EFBC}") = "WindowsServiceHost", "WindowsServiceHost\WindowsServiceHost.csproj", "{F15E0C18-087B-4A69-B60A-30406001AF3B}"
EndProject
Project("{FAE04EC0-301F-11D3-BF4B-00C04F79EFBC}") = "ConsoleHost", "ConsoleHost\ConsoleHost.csproj", "{7C0FC284-B2E8-43BD-BB2C-9E663F1652EB}"
EndProject
Global
	GlobalSection(SolutionConfigurationPlatforms) = preSolution
		Debug|Any CPU = Debug|Any CPU
		Release|Any CPU = Release|Any CPU
	EndGlobalSection
	GlobalSection(ProjectConfigurationPlatforms) = postSolution
		{C62BC57E-EAEB-4C54-95F3-91D1F7E3D617}.Debug|Any CPU.ActiveCfg = Debug|Any CPU
		{C62BC57E-EAEB-4C54-95F3-91D1F7E3D617}.Debug|Any CPU.Build.0 = Debug|Any CPU
		{C62BC57E-EAEB-4C54-95F3-91D1F7E3D617}.Release|Any CPU.ActiveCfg = Release|Any CPU
		{C62BC57E-EAEB-4C54-95F3-91D1F7E3D617}.Release|Any CPU.Build.0 = Release|Any CPU
		{F15E0C18-087B-4A69-B60A-30406001AF3B}.Debug|Any CPU.ActiveCfg = Debug|Any CPU
		{F15E0C18-087B-4A69-B60A-30406001AF3B}.Debug|Any CPU.Build.0 = Debug|Any CPU
		{F15E0C18-087B-4A69-B60A-30406001AF3B}.Release|Any CPU.ActiveCfg = Release|Any CPU
		{F15E0C18-087B-4A69-B60A-30406001AF3B}.Release|Any CPU.Build.0 = Release|Any CPU
		{7C0FC284-B2E8-43BD-BB2C-9E663F1652EB}.Debug|Any CPU.ActiveCfg = Debug|Any CPU
		{7C0FC284-B2E8-43BD-BB2C-9E663F1652EB}.Debug|Any CPU.Build.0 = Debug|Any CPU
		{7C0FC284-B2E8-43BD-BB2C-9E663F1652EB}.Release|Any CPU.ActiveCfg = Release|Any CPU
		{7C0FC284-B2E8-43BD-BB2C-9E663F1652EB}.Release|Any CPU.Build.0 = Release|Any CPU
	EndGlobalSection
	GlobalSection(SolutionProperties) = preSolution
		HideSolutionNode = FALSE
	EndGlobalSection
	GlobalSection(ExtensibilityGlobals) = postSolution
		SolutionGuid = {9B75143A-3065-4AD5-89F5-B7E91BBFD9C1}
	EndGlobalSection
EndGlobal
