
Microsoft Visual Studio Solution File, Format Version 12.00
# Visual Studio Version 16
VisualStudioVersion = 16.0.35026.282
MinimumVisualStudioVersion = 10.0.40219.1
Project("{E24C65DC-7377-472B-9ABA-BC803B73C61A}") = "player_service", "player_service\", "{85A8F2EB-6402-4879-B377-E97A2A5E9ACB}"
	ProjectSection(WebsiteProperties) = preProject
		TargetFrameworkMoniker = ".NETFramework,Version%3Dv4.6.2"
		Debug.AspNetCompiler.VirtualPath = "/localhost_61843"
		Debug.AspNetCompiler.PhysicalPath = "player_service\"
		Debug.AspNetCompiler.TargetPath = "PrecompiledWeb\localhost_61843\"
		Debug.AspNetCompiler.Updateable = "true"
		Debug.AspNetCompiler.ForceOverwrite = "true"
		Debug.AspNetCompiler.FixedNames = "false"
		Debug.AspNetCompiler.Debug = "True"
		Release.AspNetCompiler.VirtualPath = "/localhost_61843"
		Release.AspNetCompiler.PhysicalPath = "player_service\"
		Release.AspNetCompiler.TargetPath = "PrecompiledWeb\localhost_61843\"
		Release.AspNetCompiler.Updateable = "true"
		Release.AspNetCompiler.ForceOverwrite = "true"
		Release.AspNetCompiler.FixedNames = "false"
		Release.AspNetCompiler.Debug = "False"
		VWDPort = "61843"
		DefaultWebSiteLanguage = "Visual C#"
	EndProjectSection
EndProject
Global
	GlobalSection(SolutionConfigurationPlatforms) = preSolution
		Debug|Any CPU = Debug|Any CPU
	EndGlobalSection
	GlobalSection(ProjectConfigurationPlatforms) = postSolution
		{85A8F2EB-6402-4879-B377-E97A2A5E9ACB}.Debug|Any CPU.ActiveCfg = Debug|Any CPU
		{85A8F2EB-6402-4879-B377-E97A2A5E9ACB}.Debug|Any CPU.Build.0 = Debug|Any CPU
	EndGlobalSection
	GlobalSection(SolutionProperties) = preSolution
		HideSolutionNode = FALSE
	EndGlobalSection
	GlobalSection(ExtensibilityGlobals) = postSolution
		SolutionGuid = {A1BCDDF4-AE3C-4366-8F6A-FB2A30933FDD}
	EndGlobalSection
EndGlobal
